// !$*UTF8*$!
{
	archiveVersion = 1;
	classes = {
	};
	objectVersion = 50;
	objects = {

/* Begin PBXBuildFile section */
		F6F384E125612B8D0033D9D0 /* Tests_iOS.swift in Sources */ = {isa = PBXBuildFile; fileRef = F6F384E025612B8D0033D9D0 /* Tests_iOS.swift */; };
		F6F384EC25612B8D0033D9D0 /* Tests_macOS.swift in Sources */ = {isa = PBXBuildFile; fileRef = F6F384EB25612B8D0033D9D0 /* Tests_macOS.swift */; };
		F6F384EE25612B8D0033D9D0 /* TDGAppApp.swift in Sources */ = {isa = PBXBuildFile; fileRef = F6F384C525612B890033D9D0 /* TDGAppApp.swift */; };
		F6F384EF25612B8D0033D9D0 /* TDGAppApp.swift in Sources */ = {isa = PBXBuildFile; fileRef = F6F384C525612B890033D9D0 /* TDGAppApp.swift */; };
		F6F384F025612B8D0033D9D0 /* ContentView.swift in Sources */ = {isa = PBXBuildFile; fileRef = F6F384C625612B890033D9D0 /* ContentView.swift */; };
		F6F384F125612B8D0033D9D0 /* ContentView.swift in Sources */ = {isa = PBXBuildFile; fileRef = F6F384C625612B890033D9D0 /* ContentView.swift */; };
		F6F384F225612B8D0033D9D0 /* Assets.xcassets in Resources */ = {isa = PBXBuildFile; fileRef = F6F384C725612B8D0033D9D0 /* Assets.xcassets */; };
		F6F384F325612B8D0033D9D0 /* Assets.xcassets in Resources */ = {isa = PBXBuildFile; fileRef = F6F384C725612B8D0033D9D0 /* Assets.xcassets */; };
/* End PBXBuildFile section */

/* Begin PBXContainerItemProxy section */
		F6F384DD25612B8D0033D9D0 /* PBXContainerItemProxy */ = {
			isa = PBXContainerItemProxy;
			containerPortal = F6F384C025612B890033D9D0 /* Project object */;
			proxyType = 1;
			remoteGlobalIDString = F6F384CB25612B8D0033D9D0;
			remoteInfo = "TDGApp (iOS)";
		};
		F6F384E825612B8D0033D9D0 /* PBXContainerItemProxy */ = {
			isa = PBXContainerItemProxy;
			containerPortal = F6F384C025612B890033D9D0 /* Project object */;
			proxyType = 1;
			remoteGlobalIDString = F6F384D325612B8D0033D9D0;
			remoteInfo = "TDGApp (macOS)";
		};
/* End PBXContainerItemProxy section */

/* Begin PBXFileReference section */
		F6F384C525612B890033D9D0 /* TDGAppApp.swift */ = {isa = PBXFileReference; lastKnownFileType = sourcecode.swift; path = TDGAppApp.swift; sourceTree = "<group>"; };
		F6F384C625612B890033D9D0 /* ContentView.swift */ = {isa = PBXFileReference; lastKnownFileType = sourcecode.swift; path = ContentView.swift; sourceTree = "<group>"; };
		F6F384C725612B8D0033D9D0 /* Assets.xcassets */ = {isa = PBXFileReference; lastKnownFileType = folder.assetcatalog; path = Assets.xcassets; sourceTree = "<group>"; };
		F6F384CC25612B8D0033D9D0 /* TDGApp.app */ = {isa = PBXFileReference; explicitFileType = wrapper.application; includeInIndex = 0; path = TDGApp.app; sourceTree = BUILT_PRODUCTS_DIR; };
		F6F384CF25612B8D0033D9D0 /* Info.plist */ = {isa = PBXFileReference; lastKnownFileType = text.plist.xml; path = Info.plist; sourceTree = "<group>"; };
		F6F384D425612B8D0033D9D0 /* TDGApp.app */ = {isa = PBXFileReference; explicitFileType = wrapper.application; includeInIndex = 0; path = TDGApp.app; sourceTree = BUILT_PRODUCTS_DIR; };
		F6F384D625612B8D0033D9D0 /* Info.plist */ = {isa = PBXFileReference; lastKnownFileType = text.plist.xml; path = Info.plist; sourceTree = "<group>"; };
		F6F384D725612B8D0033D9D0 /* macOS.entitlements */ = {isa = PBXFileReference; lastKnownFileType = text.plist.entitlements; path = macOS.entitlements; sourceTree = "<group>"; };
		F6F384DC25612B8D0033D9D0 /* Tests iOS.xctest */ = {isa = PBXFileReference; explicitFileType = wrapper.cfbundle; includeInIndex = 0; path = "Tests iOS.xctest"; sourceTree = BUILT_PRODUCTS_DIR; };
		F6F384E025612B8D0033D9D0 /* Tests_iOS.swift */ = {isa = PBXFileReference; lastKnownFileType = sourcecode.swift; path = Tests_iOS.swift; sourceTree = "<group>"; };
		F6F384E225612B8D0033D9D0 /* Info.plist */ = {isa = PBXFileReference; lastKnownFileType = text.plist.xml; path = Info.plist; sourceTree = "<group>"; };
		F6F384E725612B8D0033D9D0 /* Tests macOS.xctest */ = {isa = PBXFileReference; explicitFileType = wrapper.cfbundle; includeInIndex = 0; path = "Tests macOS.xctest"; sourceTree = BUILT_PRODUCTS_DIR; };
		F6F384EB25612B8D0033D9D0 /* Tests_macOS.swift */ = {isa = PBXFileReference; lastKnownFileType = sourcecode.swift; path = Tests_macOS.swift; sourceTree = "<group>"; };
		F6F384ED25612B8D0033D9D0 /* Info.plist */ = {isa = PBXFileReference; lastKnownFileType = text.plist.xml; path = Info.plist; sourceTree = "<group>"; };
/* End PBXFileReference section */

/* Begin PBXFrameworksBuildPhase section */
		F6F384C925612B8D0033D9D0 /* Frameworks */ = {
			isa = PBXFrameworksBuildPhase;
			buildActionMask = 2147483647;
			files = (
			);
			runOnlyForDeploymentPostprocessing = 0;
		};
		F6F384D125612B8D0033D9D0 /* Frameworks */ = {
			isa = PBXFrameworksBuildPhase;
			buildActionMask = 2147483647;
			files = (
			);
			runOnlyForDeploymentPostprocessing = 0;
		};
		F6F384D925612B8D0033D9D0 /* Frameworks */ = {
			isa = PBXFrameworksBuildPhase;
			buildActionMask = 2147483647;
			files = (
			);
			runOnlyForDeploymentPostprocessing = 0;
		};
		F6F384E425612B8D0033D9D0 /* Frameworks */ = {
			isa = PBXFrameworksBuildPhase;
			buildActionMask = 2147483647;
			files = (
			);
			runOnlyForDeploymentPostprocessing = 0;
		};
/* End PBXFrameworksBuildPhase section */

/* Begin PBXGroup section */
		F6F384BF25612B890033D9D0 = {
			isa = PBXGroup;
			children = (
				F6F384C425612B890033D9D0 /* Shared */,
				F6F384CE25612B8D0033D9D0 /* iOS */,
				F6F384D525612B8D0033D9D0 /* macOS */,
				F6F384DF25612B8D0033D9D0 /* Tests iOS */,
				F6F384EA25612B8D0033D9D0 /* Tests macOS */,
				F6F384CD25612B8D0033D9D0 /* Products */,
			);
			sourceTree = "<group>";
		};
		F6F384C425612B890033D9D0 /* Shared */ = {
			isa = PBXGroup;
			children = (
				F6F384C525612B890033D9D0 /* TDGAppApp.swift */,
				F6F384C625612B890033D9D0 /* ContentView.swift */,
				F6F384C725612B8D0033D9D0 /* Assets.xcassets */,
			);
			path = Shared;
			sourceTree = "<group>";
		};
		F6F384CD25612B8D0033D9D0 /* Products */ = {
			isa = PBXGroup;
			children = (
				F6F384CC25612B8D0033D9D0 /* TDGApp.app */,
				F6F384D425612B8D0033D9D0 /* TDGApp.app */,
				F6F384DC25612B8D0033D9D0 /* Tests iOS.xctest */,
				F6F384E725612B8D0033D9D0 /* Tests macOS.xctest */,
			);
			name = Products;
			sourceTree = "<group>";
		};
		F6F384CE25612B8D0033D9D0 /* iOS */ = {
			isa = PBXGroup;
			children = (
				F6F384CF25612B8D0033D9D0 /* Info.plist */,
			);
			path = iOS;
			sourceTree = "<group>";
		};
		F6F384D525612B8D0033D9D0 /* macOS */ = {
			isa = PBXGroup;
			children = (
				F6F384D625612B8D0033D9D0 /* Info.plist */,
				F6F384D725612B8D0033D9D0 /* macOS.entitlements */,
			);
			path = macOS;
			sourceTree = "<group>";
		};
		F6F384DF25612B8D0033D9D0 /* Tests iOS */ = {
			isa = PBXGroup;
			children = (
				F6F384E025612B8D0033D9D0 /* Tests_iOS.swift */,
				F6F384E225612B8D0033D9D0 /* Info.plist */,
			);
			path = "Tests iOS";
			sourceTree = "<group>";
		};
		F6F384EA25612B8D0033D9D0 /* Tests macOS */ = {
			isa = PBXGroup;
			children = (
				F6F384EB25612B8D0033D9D0 /* Tests_macOS.swift */,
				F6F384ED25612B8D0033D9D0 /* Info.plist */,
			);
			path = "Tests macOS";
			sourceTree = "<group>";
		};
/* End PBXGroup section */

/* Begin PBXNativeTarget section */
		F6F384CB25612B8D0033D9D0 /* TDGApp (iOS) */ = {
			isa = PBXNativeTarget;
			buildConfigurationList = F6F384F625612B8D0033D9D0 /* Build configuration list for PBXNativeTarget "TDGApp (iOS)" */;
			buildPhases = (
				F6F384C825612B8D0033D9D0 /* Sources */,
				F6F384C925612B8D0033D9D0 /* Frameworks */,
				F6F384CA25612B8D0033D9D0 /* Resources */,
			);
			buildRules = (
			);
			dependencies = (
			);
			name = "TDGApp (iOS)";
			productName = "TDGApp (iOS)";
			productReference = F6F384CC25612B8D0033D9D0 /* TDGApp.app */;
			productType = "com.apple.product-type.application";
		};
		F6F384D325612B8D0033D9D0 /* TDGApp (macOS) */ = {
			isa = PBXNativeTarget;
			buildConfigurationList = F6F384F925612B8D0033D9D0 /* Build configuration list for PBXNativeTarget "TDGApp (macOS)" */;
			buildPhases = (
				F6F384D025612B8D0033D9D0 /* Sources */,
				F6F384D125612B8D0033D9D0 /* Frameworks */,
				F6F384D225612B8D0033D9D0 /* Resources */,
			);
			buildRules = (
			);
			dependencies = (
			);
			name = "TDGApp (macOS)";
			productName = "TDGApp (macOS)";
			productReference = F6F384D425612B8D0033D9D0 /* TDGApp.app */;
			productType = "com.apple.product-type.application";
		};
		F6F384DB25612B8D0033D9D0 /* Tests iOS */ = {
			isa = PBXNativeTarget;
			buildConfigurationList = F6F384FC25612B8D0033D9D0 /* Build configuration list for PBXNativeTarget "Tests iOS" */;
			buildPhases = (
				F6F384D825612B8D0033D9D0 /* Sources */,
				F6F384D925612B8D0033D9D0 /* Frameworks */,
				F6F384DA25612B8D0033D9D0 /* Resources */,
			);
			buildRules = (
			);
			dependencies = (
				F6F384DE25612B8D0033D9D0 /* PBXTargetDependency */,
			);
			name = "Tests iOS";
			productName = "Tests iOS";
			productReference = F6F384DC25612B8D0033D9D0 /* Tests iOS.xctest */;
			productType = "com.apple.product-type.bundle.ui-testing";
		};
		F6F384E625612B8D0033D9D0 /* Tests macOS */ = {
			isa = PBXNativeTarget;
			buildConfigurationList = F6F384FF25612B8D0033D9D0 /* Build configuration list for PBXNativeTarget "Tests macOS" */;
			buildPhases = (
				F6F384E325612B8D0033D9D0 /* Sources */,
				F6F384E425612B8D0033D9D0 /* Frameworks */,
				F6F384E525612B8D0033D9D0 /* Resources */,
			);
			buildRules = (
			);
			dependencies = (
				F6F384E925612B8D0033D9D0 /* PBXTargetDependency */,
			);
			name = "Tests macOS";
			productName = "Tests macOS";
			productReference = F6F384E725612B8D0033D9D0 /* Tests macOS.xctest */;
			productType = "com.apple.product-type.bundle.ui-testing";
		};
/* End PBXNativeTarget section */

/* Begin PBXProject section */
		F6F384C025612B890033D9D0 /* Project object */ = {
			isa = PBXProject;
			attributes = {
				LastSwiftUpdateCheck = 1220;
				LastUpgradeCheck = 1220;
				TargetAttributes = {
					F6F384CB25612B8D0033D9D0 = {
						CreatedOnToolsVersion = 12.2;
					};
					F6F384D325612B8D0033D9D0 = {
						CreatedOnToolsVersion = 12.2;
					};
					F6F384DB25612B8D0033D9D0 = {
						CreatedOnToolsVersion = 12.2;
						TestTargetID = F6F384CB25612B8D0033D9D0;
					};
					F6F384E625612B8D0033D9D0 = {
						CreatedOnToolsVersion = 12.2;
						TestTargetID = F6F384D325612B8D0033D9D0;
					};
				};
			};
			buildConfigurationList = F6F384C325612B890033D9D0 /* Build configuration list for PBXProject "TDGApp" */;
			compatibilityVersion = "Xcode 9.3";
			developmentRegion = en;
			hasScannedForEncodings = 0;
			knownRegions = (
				en,
				Base,
			);
			mainGroup = F6F384BF25612B890033D9D0;
			productRefGroup = F6F384CD25612B8D0033D9D0 /* Products */;
			projectDirPath = "";
			projectRoot = "";
			targets = (
				F6F384CB25612B8D0033D9D0 /* TDGApp (iOS) */,
				F6F384D325612B8D0033D9D0 /* TDGApp (macOS) */,
				F6F384DB25612B8D0033D9D0 /* Tests iOS */,
				F6F384E625612B8D0033D9D0 /* Tests macOS */,
			);
		};
/* End PBXProject section */

/* Begin PBXResourcesBuildPhase section */
		F6F384CA25612B8D0033D9D0 /* Resources */ = {
			isa = PBXResourcesBuildPhase;
			buildActionMask = 2147483647;
			files = (
				F6F384F225612B8D0033D9D0 /* Assets.xcassets in Resources */,
			);
			runOnlyForDeploymentPostprocessing = 0;
		};
		F6F384D225612B8D0033D9D0 /* Resources */ = {
			isa = PBXResourcesBuildPhase;
			buildActionMask = 2147483647;
			files = (
				F6F384F325612B8D0033D9D0 /* Assets.xcassets in Resources */,
			);
			runOnlyForDeploymentPostprocessing = 0;
		};
		F6F384DA25612B8D0033D9D0 /* Resources */ = {
			isa = PBXResourcesBuildPhase;
			buildActionMask = 2147483647;
			files = (
			);
			runOnlyForDeploymentPostprocessing = 0;
		};
		F6F384E525612B8D0033D9D0 /* Resources */ = {
			isa = PBXResourcesBuildPhase;
			buildActionMask = 2147483647;
			files = (
			);
			runOnlyForDeploymentPostprocessing = 0;
		};
/* End PBXResourcesBuildPhase section */

/* Begin PBXSourcesBuildPhase section */
		F6F384C825612B8D0033D9D0 /* Sources */ = {
			isa = PBXSourcesBuildPhase;
			buildActionMask = 2147483647;
			files = (
				F6F384F025612B8D0033D9D0 /* ContentView.swift in Sources */,
				F6F384EE25612B8D0033D9D0 /* TDGAppApp.swift in Sources */,
			);
			runOnlyForDeploymentPostprocessing = 0;
		};
		F6F384D025612B8D0033D9D0 /* Sources */ = {
			isa = PBXSourcesBuildPhase;
			buildActionMask = 2147483647;
			files = (
				F6F384F125612B8D0033D9D0 /* ContentView.swift in Sources */,
				F6F384EF25612B8D0033D9D0 /* TDGAppApp.swift in Sources */,
			);
			runOnlyForDeploymentPostprocessing = 0;
		};
		F6F384D825612B8D0033D9D0 /* Sources */ = {
			isa = PBXSourcesBuildPhase;
			buildActionMask = 2147483647;
			files = (
				F6F384E125612B8D0033D9D0 /* Tests_iOS.swift in Sources */,
			);
			runOnlyForDeploymentPostprocessing = 0;
		};
		F6F384E325612B8D0033D9D0 /* Sources */ = {
			isa = PBXSourcesBuildPhase;
			buildActionMask = 2147483647;
			files = (
				F6F384EC25612B8D0033D9D0 /* Tests_macOS.swift in Sources */,
			);
			runOnlyForDeploymentPostprocessing = 0;
		};
/* End PBXSourcesBuildPhase section */

/* Begin PBXTargetDependency section */
		F6F384DE25612B8D0033D9D0 /* PBXTargetDependency */ = {
			isa = PBXTargetDependency;
			target = F6F384CB25612B8D0033D9D0 /* TDGApp (iOS) */;
			targetProxy = F6F384DD25612B8D0033D9D0 /* PBXContainerItemProxy */;
		};
		F6F384E925612B8D0033D9D0 /* PBXTargetDependency */ = {
			isa = PBXTargetDependency;
			target = F6F384D325612B8D0033D9D0 /* TDGApp (macOS) */;
			targetProxy = F6F384E825612B8D0033D9D0 /* PBXContainerItemProxy */;
		};
/* End PBXTargetDependency section */

/* Begin XCBuildConfiguration section */
		F6F384F425612B8D0033D9D0 /* Debug */ = {
			isa = XCBuildConfiguration;
			buildSettings = {
				ALWAYS_SEARCH_USER_PATHS = NO;
				CLANG_ANALYZER_NONNULL = YES;
				CLANG_ANALYZER_NUMBER_OBJECT_CONVERSION = YES_AGGRESSIVE;
				CLANG_CXX_LANGUAGE_STANDARD = "gnu++14";
				CLANG_CXX_LIBRARY = "libc++";
				CLANG_ENABLE_MODULES = YES;
				CLANG_ENABLE_OBJC_ARC = YES;
				CLANG_ENABLE_OBJC_WEAK = YES;
				CLANG_WARN_BLOCK_CAPTURE_AUTORELEASING = YES;
				CLANG_WARN_BOOL_CONVERSION = YES;
				CLANG_WARN_COMMA = YES;
				CLANG_WARN_CONSTANT_CONVERSION = YES;
				CLANG_WARN_DEPRECATED_OBJC_IMPLEMENTATIONS = YES;
				CLANG_WARN_DIRECT_OBJC_ISA_USAGE = YES_ERROR;
				CLANG_WARN_DOCUMENTATION_COMMENTS = YES;
				CLANG_WARN_EMPTY_BODY = YES;
				CLANG_WARN_ENUM_CONVERSION = YES;
				CLANG_WARN_INFINITE_RECURSION = YES;
				CLANG_WARN_INT_CONVERSION = YES;
				CLANG_WARN_NON_LITERAL_NULL_CONVERSION = YES;
				CLANG_WARN_OBJC_IMPLICIT_RETAIN_SELF = YES;
				CLANG_WARN_OBJC_LITERAL_CONVERSION = YES;
				CLANG_WARN_OBJC_ROOT_CLASS = YES_ERROR;
				CLANG_WARN_QUOTED_INCLUDE_IN_FRAMEWORK_HEADER = YES;
				CLANG_WARN_RANGE_LOOP_ANALYSIS = YES;
				CLANG_WARN_STRICT_PROTOTYPES = YES;
				CLANG_WARN_SUSPICIOUS_MOVE = YES;
				CLANG_WARN_UNGUARDED_AVAILABILITY = YES_AGGRESSIVE;
				CLANG_WARN_UNREACHABLE_CODE = YES;
				CLANG_WARN__DUPLICATE_METHOD_MATCH = YES;
				COPY_PHASE_STRIP = NO;
				DEBUG_INFORMATION_FORMAT = dwarf;
				ENABLE_STRICT_OBJC_MSGSEND = YES;
				ENABLE_TESTABILITY = YES;
				GCC_C_LANGUAGE_STANDARD = gnu11;
				GCC_DYNAMIC_NO_PIC = NO;
				GCC_NO_COMMON_BLOCKS = YES;
				GCC_OPTIMIZATION_LEVEL = 0;
				GCC_PREPROCESSOR_DEFINITIONS = (
					"DEBUG=1",
					"$(inherited)",
				);
				GCC_WARN_64_TO_32_BIT_CONVERSION = YES;
				GCC_WARN_ABOUT_RETURN_TYPE = YES_ERROR;
				GCC_WARN_UNDECLARED_SELECTOR = YES;
				GCC_WARN_UNINITIALIZED_AUTOS = YES_AGGRESSIVE;
				GCC_WARN_UNUSED_FUNCTION = YES;
				GCC_WARN_UNUSED_VARIABLE = YES;
				MTL_ENABLE_DEBUG_INFO = INCLUDE_SOURCE;
				MTL_FAST_MATH = YES;
				ONLY_ACTIVE_ARCH = YES;
				SWIFT_ACTIVE_COMPILATION_CONDITIONS = DEBUG;
				SWIFT_OPTIMIZATION_LEVEL = "-Onone";
			};
			name = Debug;
		};
		F6F384F525612B8D0033D9D0 /* Release */ = {
			isa = XCBuildConfiguration;
			buildSettings = {
				ALWAYS_SEARCH_USER_PATHS = NO;
				CLANG_ANALYZER_NONNULL = YES;
				CLANG_ANALYZER_NUMBER_OBJECT_CONVERSION = YES_AGGRESSIVE;
				CLANG_CXX_LANGUAGE_STANDARD = "gnu++14";
				CLANG_CXX_LIBRARY = "libc++";
				CLANG_ENABLE_MODULES = YES;
				CLANG_ENABLE_OBJC_ARC = YES;
				CLANG_ENABLE_OBJC_WEAK = YES;
				CLANG_WARN_BLOCK_CAPTURE_AUTORELEASING = YES;
				CLANG_WARN_BOOL_CONVERSION = YES;
				CLANG_WARN_COMMA = YES;
				CLANG_WARN_CONSTANT_CONVERSION = YES;
				CLANG_WARN_DEPRECATED_OBJC_IMPLEMENTATIONS = YES;
				CLANG_WARN_DIRECT_OBJC_ISA_USAGE = YES_ERROR;
				CLANG_WARN_DOCUMENTATION_COMMENTS = YES;
				CLANG_WARN_EMPTY_BODY = YES;
				CLANG_WARN_ENUM_CONVERSION = YES;
				CLANG_WARN_INFINITE_RECURSION = YES;
				CLANG_WARN_INT_CONVERSION = YES;
				CLANG_WARN_NON_LITERAL_NULL_CONVERSION = YES;
				CLANG_WARN_OBJC_IMPLICIT_RETAIN_SELF = YES;
				CLANG_WARN_OBJC_LITERAL_CONVERSION = YES;
				CLANG_WARN_OBJC_ROOT_CLASS = YES_ERROR;
				CLANG_WARN_QUOTED_INCLUDE_IN_FRAMEWORK_HEADER = YES;
				CLANG_WARN_RANGE_LOOP_ANALYSIS = YES;
				CLANG_WARN_STRICT_PROTOTYPES = YES;
				CLANG_WARN_SUSPICIOUS_MOVE = YES;
				CLANG_WARN_UNGUARDED_AVAILABILITY = YES_AGGRESSIVE;
				CLANG_WARN_UNREACHABLE_CODE = YES;
				CLANG_WARN__DUPLICATE_METHOD_MATCH = YES;
				COPY_PHASE_STRIP = NO;
				DEBUG_INFORMATION_FORMAT = "dwarf-with-dsym";
				ENABLE_NS_ASSERTIONS = NO;
				ENABLE_STRICT_OBJC_MSGSEND = YES;
				GCC_C_LANGUAGE_STANDARD = gnu11;
				GCC_NO_COMMON_BLOCKS = YES;
				GCC_WARN_64_TO_32_BIT_CONVERSION = YES;
				GCC_WARN_ABOUT_RETURN_TYPE = YES_ERROR;
				GCC_WARN_UNDECLARED_SELECTOR = YES;
				GCC_WARN_UNINITIALIZED_AUTOS = YES_AGGRESSIVE;
				GCC_WARN_UNUSED_FUNCTION = YES;
				GCC_WARN_UNUSED_VARIABLE = YES;
				MTL_ENABLE_DEBUG_INFO = NO;
				MTL_FAST_MATH = YES;
				SWIFT_COMPILATION_MODE = wholemodule;
				SWIFT_OPTIMIZATION_LEVEL = "-O";
			};
			name = Release;
		};
		F6F384F725612B8D0033D9D0 /* Debug */ = {
			isa = XCBuildConfiguration;
			buildSettings = {
				ASSETCATALOG_COMPILER_APPICON_NAME = AppIcon;
				ASSETCATALOG_COMPILER_GLOBAL_ACCENT_COLOR_NAME = AccentColor;
				CODE_SIGN_STYLE = Automatic;
				ENABLE_PREVIEWS = YES;
				INFOPLIST_FILE = iOS/Info.plist;
				IPHONEOS_DEPLOYMENT_TARGET = 14.0;
				LD_RUNPATH_SEARCH_PATHS = (
					"$(inherited)",
					"@executable_path/Frameworks",
				);
				PRODUCT_BUNDLE_IDENTIFIER = TheDataGrid.TDGApp;
				PRODUCT_NAME = TDGApp;
				SDKROOT = iphoneos;
				SWIFT_VERSION = 5.0;
				TARGETED_DEVICE_FAMILY = "1,2";
			};
			name = Debug;
		};
		F6F384F825612B8D0033D9D0 /* Release */ = {
			isa = XCBuildConfiguration;
			buildSettings = {
				ASSETCATALOG_COMPILER_APPICON_NAME = AppIcon;
				ASSETCATALOG_COMPILER_GLOBAL_ACCENT_COLOR_NAME = AccentColor;
				CODE_SIGN_STYLE = Automatic;
				ENABLE_PREVIEWS = YES;
				INFOPLIST_FILE = iOS/Info.plist;
				IPHONEOS_DEPLOYMENT_TARGET = 14.0;
				LD_RUNPATH_SEARCH_PATHS = (
					"$(inherited)",
					"@executable_path/Frameworks",
				);
				PRODUCT_BUNDLE_IDENTIFIER = TheDataGrid.TDGApp;
				PRODUCT_NAME = TDGApp;
				SDKROOT = iphoneos;
				SWIFT_VERSION = 5.0;
				TARGETED_DEVICE_FAMILY = "1,2";
				VALIDATE_PRODUCT = YES;
			};
			name = Release;
		};
		F6F384FA25612B8D0033D9D0 /* Debug */ = {
			isa = XCBuildConfiguration;
			buildSettings = {
				ASSETCATALOG_COMPILER_APPICON_NAME = AppIcon;
				ASSETCATALOG_COMPILER_GLOBAL_ACCENT_COLOR_NAME = AccentColor;
				CODE_SIGN_ENTITLEMENTS = macOS/macOS.entitlements;
				CODE_SIGN_STYLE = Automatic;
				COMBINE_HIDPI_IMAGES = YES;
				ENABLE_PREVIEWS = YES;
				INFOPLIST_FILE = macOS/Info.plist;
				LD_RUNPATH_SEARCH_PATHS = (
					"$(inherited)",
					"@executable_path/../Frameworks",
				);
				MACOSX_DEPLOYMENT_TARGET = 11.0;
				PRODUCT_BUNDLE_IDENTIFIER = TheDataGrid.TDGApp;
				PRODUCT_NAME = TDGApp;
				SDKROOT = macosx;
				SWIFT_VERSION = 5.0;
			};
			name = Debug;
		};
		F6F384FB25612B8D0033D9D0 /* Release */ = {
			isa = XCBuildConfiguration;
			buildSettings = {
				ASSETCATALOG_COMPILER_APPICON_NAME = AppIcon;
				ASSETCATALOG_COMPILER_GLOBAL_ACCENT_COLOR_NAME = AccentColor;
				CODE_SIGN_ENTITLEMENTS = macOS/macOS.entitlements;
				CODE_SIGN_STYLE = Automatic;
				COMBINE_HIDPI_IMAGES = YES;
				ENABLE_PREVIEWS = YES;
				INFOPLIST_FILE = macOS/Info.plist;
				LD_RUNPATH_SEARCH_PATHS = (
					"$(inherited)",
					"@executable_path/../Frameworks",
				);
				MACOSX_DEPLOYMENT_TARGET = 11.0;
				PRODUCT_BUNDLE_IDENTIFIER = TheDataGrid.TDGApp;
				PRODUCT_NAME = TDGApp;
				SDKROOT = macosx;
				SWIFT_VERSION = 5.0;
			};
			name = Release;
		};
		F6F384FD25612B8D0033D9D0 /* Debug */ = {
			isa = XCBuildConfiguration;
			buildSettings = {
				ALWAYS_EMBED_SWIFT_STANDARD_LIBRARIES = YES;
				CODE_SIGN_STYLE = Automatic;
				INFOPLIST_FILE = "Tests iOS/Info.plist";
				IPHONEOS_DEPLOYMENT_TARGET = 14.2;
				LD_RUNPATH_SEARCH_PATHS = (
					"$(inherited)",
					"@executable_path/Frameworks",
					"@loader_path/Frameworks",
				);
				PRODUCT_BUNDLE_IDENTIFIER = "TheDataGrid.Tests-iOS";
				PRODUCT_NAME = "$(TARGET_NAME)";
				SDKROOT = iphoneos;
				SWIFT_VERSION = 5.0;
				TARGETED_DEVICE_FAMILY = "1,2";
				TEST_TARGET_NAME = "TDGApp (iOS)";
			};
			name = Debug;
		};
		F6F384FE25612B8D0033D9D0 /* Release */ = {
			isa = XCBuildConfiguration;
			buildSettings = {
				ALWAYS_EMBED_SWIFT_STANDARD_LIBRARIES = YES;
				CODE_SIGN_STYLE = Automatic;
				INFOPLIST_FILE = "Tests iOS/Info.plist";
				IPHONEOS_DEPLOYMENT_TARGET = 14.2;
				LD_RUNPATH_SEARCH_PATHS = (
					"$(inherited)",
					"@executable_path/Frameworks",
					"@loader_path/Frameworks",
				);
				PRODUCT_BUNDLE_IDENTIFIER = "TheDataGrid.Tests-iOS";
				PRODUCT_NAME = "$(TARGET_NAME)";
				SDKROOT = iphoneos;
				SWIFT_VERSION = 5.0;
				TARGETED_DEVICE_FAMILY = "1,2";
				TEST_TARGET_NAME = "TDGApp (iOS)";
				VALIDATE_PRODUCT = YES;
			};
			name = Release;
		};
		F6F3850025612B8D0033D9D0 /* Debug */ = {
			isa = XCBuildConfiguration;
			buildSettings = {
				ALWAYS_EMBED_SWIFT_STANDARD_LIBRARIES = YES;
				CODE_SIGN_STYLE = Automatic;
				COMBINE_HIDPI_IMAGES = YES;
				INFOPLIST_FILE = "Tests macOS/Info.plist";
				LD_RUNPATH_SEARCH_PATHS = (
					"$(inherited)",
					"@executable_path/../Frameworks",
					"@loader_path/../Frameworks",
				);
				MACOSX_DEPLOYMENT_TARGET = 10.15;
				PRODUCT_BUNDLE_IDENTIFIER = "TheDataGrid.Tests-macOS";
				PRODUCT_NAME = "$(TARGET_NAME)";
				SDKROOT = macosx;
				SWIFT_VERSION = 5.0;
				TEST_TARGET_NAME = "TDGApp (macOS)";
			};
			name = Debug;
		};
		F6F3850125612B8D0033D9D0 /* Release */ = {
			isa = XCBuildConfiguration;
			buildSettings = {
				ALWAYS_EMBED_SWIFT_STANDARD_LIBRARIES = YES;
				CODE_SIGN_STYLE = Automatic;
				COMBINE_HIDPI_IMAGES = YES;
				INFOPLIST_FILE = "Tests macOS/Info.plist";
				LD_RUNPATH_SEARCH_PATHS = (
					"$(inherited)",
					"@executable_path/../Frameworks",
					"@loader_path/../Frameworks",
				);
				MACOSX_DEPLOYMENT_TARGET = 10.15;
				PRODUCT_BUNDLE_IDENTIFIER = "TheDataGrid.Tests-macOS";
				PRODUCT_NAME = "$(TARGET_NAME)";
				SDKROOT = macosx;
				SWIFT_VERSION = 5.0;
				TEST_TARGET_NAME = "TDGApp (macOS)";
			};
			name = Release;
		};
/* End XCBuildConfiguration section */

/* Begin XCConfigurationList section */
		F6F384C325612B890033D9D0 /* Build configuration list for PBXProject "TDGApp" */ = {
			isa = XCConfigurationList;
			buildConfigurations = (
				F6F384F425612B8D0033D9D0 /* Debug */,
				F6F384F525612B8D0033D9D0 /* Release */,
			);
			defaultConfigurationIsVisible = 0;
			defaultConfigurationName = Release;
		};
		F6F384F625612B8D0033D9D0 /* Build configuration list for PBXNativeTarget "TDGApp (iOS)" */ = {
			isa = XCConfigurationList;
			buildConfigurations = (
				F6F384F725612B8D0033D9D0 /* Debug */,
				F6F384F825612B8D0033D9D0 /* Release */,
			);
			defaultConfigurationIsVisible = 0;
			defaultConfigurationName = Release;
		};
		F6F384F925612B8D0033D9D0 /* Build configuration list for PBXNativeTarget "TDGApp (macOS)" */ = {
			isa = XCConfigurationList;
			buildConfigurations = (
				F6F384FA25612B8D0033D9D0 /* Debug */,
				F6F384FB25612B8D0033D9D0 /* Release */,
			);
			defaultConfigurationIsVisible = 0;
			defaultConfigurationName = Release;
		};
		F6F384FC25612B8D0033D9D0 /* Build configuration list for PBXNativeTarget "Tests iOS" */ = {
			isa = XCConfigurationList;
			buildConfigurations = (
				F6F384FD25612B8D0033D9D0 /* Debug */,
				F6F384FE25612B8D0033D9D0 /* Release */,
			);
			defaultConfigurationIsVisible = 0;
			defaultConfigurationName = Release;
		};
		F6F384FF25612B8D0033D9D0 /* Build configuration list for PBXNativeTarget "Tests macOS" */ = {
			isa = XCConfigurationList;
			buildConfigurations = (
				F6F3850025612B8D0033D9D0 /* Debug */,
				F6F3850125612B8D0033D9D0 /* Release */,
			);
			defaultConfigurationIsVisible = 0;
			defaultConfigurationName = Release;
		};
/* End XCConfigurationList section */
	};
	rootObject = F6F384C025612B890033D9D0 /* Project object */;
}
